{
  "nodes": {
    "asahi-widevine": {
      "flake": false,
      "locked": {
        "lastModified": 1723388729,
        "narHash": "sha256-ox2xU7PraSexer7+M+4Bc5gxpRYr1d4elh1e6erpsUg=",
        "owner": "AsahiLinux",
        "repo": "widevine-installer",
        "rev": "eab8c668ad3f9db27a444ee1f94b82d8f3ab5336",
        "type": "github"
      },
      "original": {
        "owner": "AsahiLinux",
        "repo": "widevine-installer",
        "type": "github"
      }
    },
    "chromium-widevine": {
      "inputs": {
        "asahi-widevine": "asahi-widevine",
        "lacros": "lacros",
        "nixpkgs": "nixpkgs"
      },
      "locked": {
        "lastModified": 1757421688,
        "narHash": "sha256-Q2UzAP2R7FOe0NU9MOAy0b3+Y4wUf8ZAiSiI9mELbYM=",
        "owner": "elythh",
        "repo": "chromium-widevine-nixos",
        "rev": "b972fb9b3f9041e3df096c48016725d4f625e3f0",
        "type": "github"
      },
      "original": {
        "owner": "elythh",
        "repo": "chromium-widevine-nixos",
        "type": "github"
      }
    },
    "flake-compat": {
      "locked": {
        "lastModified": 1746162366,
        "narHash": "sha256-5SSSZ/oQkwfcAz/o/6TlejlVGqeK08wyREBQ5qFFPhM=",
        "owner": "nix-community",
        "repo": "flake-compat",
        "rev": "0f158086a2ecdbb138cd0429410e44994f1b7e4b",
        "type": "github"
      },
      "original": {
        "owner": "nix-community",
        "repo": "flake-compat",
        "type": "github"
      }
    },
    "home-manager": {
      "inputs": {
        "nixpkgs": [
          "nixpkgs"
        ]
      },
      "locked": {
        "lastModified": 1757256385,
        "narHash": "sha256-WK7tOhWwr15mipcckhDg2no/eSpM1nIh4C9le8HgHhk=",
        "owner": "nix-community",
        "repo": "home-manager",
        "rev": "f35703b412c67b48e97beb6e27a6ab96a084cd37",
        "type": "github"
      },
      "original": {
        "owner": "nix-community",
        "repo": "home-manager",
        "type": "github"
      }
    },
    "home-manager_2": {
      "inputs": {
        "nixpkgs": [
          "zen-browser",
          "nixpkgs"
        ]
      },
      "locked": {
        "lastModified": 1752603129,
        "narHash": "sha256-S+wmHhwNQ5Ru689L2Gu8n1OD6s9eU9n9mD827JNR+kw=",
        "owner": "nix-community",
        "repo": "home-manager",
        "rev": "e8c19a3cec2814c754f031ab3ae7316b64da085b",
        "type": "github"
      },
      "original": {
        "owner": "nix-community",
        "repo": "home-manager",
        "type": "github"
      }
    },
    "lacros": {
      "flake": false,
      "locked": {
        "narHash": "sha256-+BvpWlYv4E0XSmnL0gGISUp0WflexbKtYnNE293nik0=",
        "type": "file",
        "url": "https://commondatastorage.googleapis.com/chromeos-localmirror/distfiles/chromeos-lacros-arm64-squash-zstd-120.0.6098.0"
      },
      "original": {
        "type": "file",
        "url": "https://commondatastorage.googleapis.com/chromeos-localmirror/distfiles/chromeos-lacros-arm64-squash-zstd-120.0.6098.0"
      }
    },
    "neovim": {
      "inputs": {
        "nixpkgs": "nixpkgs_2"
      },
      "locked": {
        "lastModified": 1756816058,
        "narHash": "sha256-h8T56+nv9J0Oft2ATP9ZbsBYEwci+Uxo6tnHGyaTSks=",
        "owner": "elythh",
        "repo": "nvim",
        "rev": "1855931428637dc89218301fd6c992febf51f78f",
        "type": "github"
      },
      "original": {
        "owner": "elythh",
        "repo": "nvim",
        "type": "github"
      }
    },
    "nixos-apple-silicon": {
      "inputs": {
        "flake-compat": "flake-compat",
        "nixpkgs": "nixpkgs_3",
        "treefmt-nix": "treefmt-nix"
      },
      "locked": {
        "lastModified": 1756110286,
        "narHash": "sha256-NE0HwcQCQTgM+HuYqmiemPf/5e+3fjwowceAyJj+ikU=",
        "owner": "nix-community",
        "repo": "nixos-apple-silicon",
        "rev": "b99bf9bf7445416fe55da09034fc4a6cd733805c",
        "type": "github"
      },
      "original": {
        "owner": "nix-community",
        "repo": "nixos-apple-silicon",
        "type": "github"
      }
    },
    "nixpkgs": {
      "locked": {
        "lastModified": 1757347588,
        "narHash": "sha256-tLdkkC6XnsY9EOZW9TlpesTclELy8W7lL2ClL+nma8o=",
        "owner": "NixOS",
        "repo": "nixpkgs",
        "rev": "b599843bad24621dcaa5ab60dac98f9b0eb1cabe",
        "type": "github"
      },
      "original": {
        "owner": "NixOS",
        "ref": "nixos-unstable",
        "repo": "nixpkgs",
        "type": "github"
      }
    },
    "nixpkgs_2": {
      "locked": {
        "lastModified": 1756542300,
        "narHash": "sha256-tlOn88coG5fzdyqz6R93SQL5Gpq+m/DsWpekNFhqPQk=",
        "owner": "NixOS",
        "repo": "nixpkgs",
        "rev": "d7600c775f877cd87b4f5a831c28aa94137377aa",
        "type": "github"
      },
      "original": {
        "owner": "NixOS",
        "ref": "nixos-unstable",
        "repo": "nixpkgs",
        "type": "github"
      }
    },
    "nixpkgs_3": {
      "locked": {
        "lastModified": 1755615617,
        "narHash": "sha256-HMwfAJBdrr8wXAkbGhtcby1zGFvs+StOp19xNsbqdOg=",
        "owner": "nixos",
        "repo": "nixpkgs",
        "rev": "20075955deac2583bb12f07151c2df830ef346b4",
        "type": "github"
      },
      "original": {
        "owner": "nixos",
        "ref": "nixos-unstable",
        "repo": "nixpkgs",
        "type": "github"
      }
    },
    "nixpkgs_4": {
      "locked": {
        "lastModified": 1757378448,
        "narHash": "sha256-xjxBvI52MBzn/Htx5iF85xmQxJjneRdX98n8U0m1wLw=",
        "owner": "nixos",
        "repo": "nixpkgs",
        "rev": "5ccfc1cb24df9dbd6c349208fd9c711e7ac8ec7d",
        "type": "github"
      },
      "original": {
        "owner": "nixos",
        "repo": "nixpkgs",
        "type": "github"
      }
    },
    "root": {
      "inputs": {
        "chromium-widevine": "chromium-widevine",
        "home-manager": "home-manager",
        "neovim": "neovim",
        "nixos-apple-silicon": "nixos-apple-silicon",
        "nixpkgs": "nixpkgs_4",
        "zen-browser": "zen-browser"
      }
    },
    "treefmt-nix": {
      "inputs": {
        "nixpkgs": [
          "nixos-apple-silicon",
          "nixpkgs"
        ]
      },
      "locked": {
        "lastModified": 1754847726,
        "narHash": "sha256-2vX8QjO5lRsDbNYvN9hVHXLU6oMl+V/PsmIiJREG4rE=",
        "owner": "numtide",
        "repo": "treefmt-nix",
        "rev": "7d81f6fb2e19bf84f1c65135d1060d829fae2408",
        "type": "github"
      },
      "original": {
        "owner": "numtide",
        "repo": "treefmt-nix",
        "type": "github"
      }
    },
    "zen-browser": {
      "inputs": {
        "home-manager": "home-manager_2",
        "nixpkgs": [
          "nixpkgs"
        ]
      },
      "locked": {
        "lastModified": 1757308755,
        "narHash": "sha256-daEx9piqNWMVsfJx91O2lKtSTPUXnanS755M1oo5zLU=",
        "owner": "0xc000022070",
        "repo": "zen-browser-flake",
        "rev": "36f0082103e6a4f3ec51e5c48a4c79426c8c6853",
        "type": "github"
      },
      "original": {
        "owner": "0xc000022070",
        "repo": "zen-browser-flake",
        "type": "github"
      }
    }
  },
  "root": "root",
  "version": 7
}
